Microsoft Visual Studio Solution File, Format Version 11.00
# Visual Studio 2008

Project("{D2EB374A-5B04-69D7-75C6-ECA6AB37B96F}") = "DungeonsAndDragons", "Assembly-CSharp-firstpass.csproj", "{C09ED6B7-4090-7861-D5F0-F4948AA90085}"
EndProject
Project("{D2EB374A-5B04-69D7-75C6-ECA6AB37B96F}") = "DungeonsAndDragons", "Assembly-CSharp.csproj", "{D2D70CC4-A325-A8F0-7C60-FC6A720A4540}"
EndProject
Project("{D2EB374A-5B04-69D7-75C6-ECA6AB37B96F}") = "DungeonsAndDragons", "Assembly-CSharp-Editor.csproj", "{D108AB82-1E5B-C65A-4832-298A9B46E40C}"
EndProject
Global
	GlobalSection(SolutionConfigurationPlatforms) = preSolution
		Debug|Any CPU = Debug|Any CPU
		Release|Any CPU = Release|Any CPU
	EndGlobalSection
	GlobalSection(ProjectConfigurationPlatforms) = postSolution
		{C09ED6B7-4090-7861-D5F0-F4948AA90085}.Debug|Any CPU.ActiveCfg = Debug|Any CPU
		{C09ED6B7-4090-7861-D5F0-F4948AA90085}.Debug|Any CPU.Build.0 = Debug|Any CPU
		{C09ED6B7-4090-7861-D5F0-F4948AA90085}.Release|Any CPU.ActiveCfg = Release|Any CPU
		{C09ED6B7-4090-7861-D5F0-F4948AA90085}.Release|Any CPU.Build.0 = Release|Any CPU
		{D2D70CC4-A325-A8F0-7C60-FC6A720A4540}.Debug|Any CPU.ActiveCfg = Debug|Any CPU
		{D2D70CC4-A325-A8F0-7C60-FC6A720A4540}.Debug|Any CPU.Build.0 = Debug|Any CPU
		{D2D70CC4-A325-A8F0-7C60-FC6A720A4540}.Release|Any CPU.ActiveCfg = Release|Any CPU
		{D2D70CC4-A325-A8F0-7C60-FC6A720A4540}.Release|Any CPU.Build.0 = Release|Any CPU
		{D108AB82-1E5B-C65A-4832-298A9B46E40C}.Debug|Any CPU.ActiveCfg = Debug|Any CPU
		{D108AB82-1E5B-C65A-4832-298A9B46E40C}.Debug|Any CPU.Build.0 = Debug|Any CPU
		{D108AB82-1E5B-C65A-4832-298A9B46E40C}.Release|Any CPU.ActiveCfg = Release|Any CPU
		{D108AB82-1E5B-C65A-4832-298A9B46E40C}.Release|Any CPU.Build.0 = Release|Any CPU
	EndGlobalSection
	GlobalSection(SolutionProperties) = preSolution
		HideSolutionNode = FALSE
	EndGlobalSection
	GlobalSection(MonoDevelopProperties) = preSolution
		StartupItem = Assembly-CSharp.csproj
	EndGlobalSection
EndGlobal
